github.com/JoshuaDoes/json v0.0.0-20200726213358-ec3860544ac0 h1:315Zb0n+8KwZyUiIKbDGvfrQ003c0XfHYNy0M4vv5cA=
github.com/JoshuaDoes/json v0.0.0-20200726213358-ec3860544ac0/go.mod h1:vsCdx75bni6k6GIQPPima8KiM7ZjNHeBJ8keBaJOADA=
github.com/PuerkitoBio/goquery v1.4.1 h1:smcIRGdYm/w7JSbcdeLHEMzxmsBQvl8lhf0dSw2nzMI=
github.com/PuerkitoBio/goquery v1.4.1/go.mod h1:T9ezsOHcCrDCgA8aF1Cqr3sSYbO/xgdy8/R/XiIMAhA=
github.com/PuerkitoBio/goquery v1.8.1 h1:uQxhNlArOIdbrH1tr0UXwdVFgDcZDrZVdcpygAcwmWM=
github.com/PuerkitoBio/goquery v1.8.1/go.mod h1:Q8ICL1kNUJ2sXGoAhPGUdYDJvgQgHzJsnnd3H7Ho5jQ=
github.com/andybalholm/cascadia v1.0.0 h1:hOCXnnZ5A+3eVDX8pvgl4kofXv2ELss0bKcqRySc45o=
github.com/andybalholm/cascadia v1.0.0/go.mod h1:GsXiBklL0woXo1j/WYWtSYYC4ouU9PqHO0sqidkEA4Y=
github.com/andybalholm/cascadia v1.3.1/go.mod h1:R4bJ1UQfqADjvDa4P6HZHLh/3OxWWEqc0Sk8XGwHqvA=
github.com/andybalholm/cascadia v1.3.2 h1:3Xi6Dw5lHF15JtdcmAHD3i1+T8plmv7BQ/nsViSLyss=
github.com/andybalholm/cascadia v1.3.2/go.mod h1:7gtRlve5FxPPgIgX36uWBX58OdBsSS6lUvCFb+h7KvU=
github.com/arcspace/go-arc-sdk v0.0.0-20230515171510-a7903dbeb29e h1:73JE2PD8YgVytKO784w0j6MKOhX+I3hathkO97Ke95I=
github.com/arcspace/go-arc-sdk v0.0.0-20230515171510-a7903dbeb29e/go.mod h1:H9VafuwVN/Ara71F34vS7BLOtgYuEvRp6d9F9yxBHw4=
github.com/arcspace/go-arc-sdk v0.0.0-20230617152009-007f190f76b2 h1:R+BQfwHZd6/0ae0lIiCamHLIegpOFgwkBgB+bi1yAu8=
github.com/arcspace/go-arc-sdk v0.0.0-20230617152009-007f190f76b2/go.mod h1:jNQ8o4nnXyd/UyleKA3YnCHZCBNZE2XoAC4t7+8i+/E=
github.com/arcspace/go-librespot v0.0.0-20230613175017-c712547862d3 h1:4kY6RnTSFQPWI5GdMbDu9ZzpnktDuYpZDw8e4ytHpM0=
github.com/arcspace/go-librespot v0.0.0-20230613175017-c712547862d3/go.mod h1:nP+DqnQ49fJut1FM5x+uIQIGWGYUTcyHvHSmdOQf184=
github.com/badfortrains/mdns v0.0.0-20160325001438-447166384f51 h1:b6+GdpGhuzxPETrVLwY77iq0L/BqLpcPRmaLNW+SoRY=
github.com/badfortrains/mdns v0.0.0-20160325001438-447166384f51/go.mod h1:qHRkxMBkkpAWD2poeBYQt6O5IS4dE6w1Cr4Z8Q3feXI=
github.com/brynbellomy/klog v0.0.0-20200414031930-87fbf2e555ae h1:FO8VxsnMvWNRzx3vGjBmS2kotWl9f455Yj0H+9k01zk=
github.com/brynbellomy/klog v0.0.0-20200414031930-87fbf2e555ae/go.mod h1:ZecQZYfGLYeVNx5ooyrBwTVsXx+7mi7bpuQLgTxClfQ=
github.com/davecgh/go-spew v1.1.0 h1:ZDRjVQ15GmhC3fiQ8ni8+OwkZQO4DARzQgrnXU1Liz8=
github.com/davecgh/go-spew v1.1.0/go.mod h1:J7Y8YcW2NihsgmVo/mv3lAwl/skON4iLHjSsI+c5H38=
github.com/dsoprea/go-exif/v2 v2.0.0-20200321225314-640175a69fe4/go.mod h1:Lm2lMM2zx8p4a34ZemkaUV95AnMl4ZvLbCUbwOvLC2E=
github.com/dsoprea/go-logging v0.0.0-20190624164917-c4f10aab7696 h1:VGFnZAcLwPpt1sHlAxml+pGLZz9A2s+K/s1YNhPC91Y=
github.com/dsoprea/go-logging v0.0.0-20190624164917-c4f10aab7696/go.mod h1:Nm/x2ZUNRW6Fe5C3LxdY1PyZY5wmDv/s5dkPJ/VB3iA=
github.com/dsoprea/go-logging v0.0.0-20200710184922-b02d349568dd h1:l+vLbuxptsC6VQyQsfD7NnEC8BZuFpz45PgY+pH8YTg=
github.com/dsoprea/go-logging v0.0.0-20200710184922-b02d349568dd/go.mod h1:7I+3Pe2o/YSU88W0hWlm9S22W7XI1JFNJ86U0zPKMf8=
github.com/dsoprea/go-utility v0.0.0-20221003172846-a3e1774ef349 h1:/py11NlxDaOxkT9OKN+gXgT+QOH5xj1ZRoyusfRIlo4=
github.com/dsoprea/go-utility v0.0.0-20221003172846-a3e1774ef349/go.mod h1:KVK+/Hul09ujXAGq+42UBgCTnXkiJZRnLYdURGjQUwo=
github.com/eolso/librespot-golang v0.0.0-20230506023304-cdb078f4ea7f h1:JFuBM9Utu0TuuqlxaKLaKMP672ElZGcHek6GHPofAeU=
github.com/eolso/librespot-golang v0.0.0-20230506023304-cdb078f4ea7f/go.mod h1:ZMdmntH4Ph3WzSmazGIs2XLN8OVfJeCbKT/ZFSn8Pa0=
github.com/eolso/threadsafe v0.0.0-20230304165831-d28da4e4d0d3 h1:GHaXZmcRxj3dUR9KLvI2wp73giddMtua29jXCFtfdY8=
github.com/eolso/threadsafe v0.0.0-20230304165831-d28da4e4d0d3/go.mod h1:RTB7Uo8r+9gpIcLXvsuRAv+pgabBfpuBqAooOvOGhSQ=
github.com/go-errors/errors v1.0.1 h1:LUHzmkK3GUKUrL/1gfBUxAHzcev3apQlezX/+O7ma6w=
github.com/go-errors/errors v1.0.1/go.mod h1:f4zRHt4oKfwPJE5k8C9vpYG+aDHdBFUsgrm6/TyX73Q=
github.com/go-errors/errors v1.0.2/go.mod h1:psDX2osz5VnTOnFWbDeWwS7yejl+uV3FEWEp4lssFEs=
github.com/go-errors/errors v1.4.2 h1:J6MZopCL4uSllY1OfXM374weqZFFItUbrImctkmUxIA=
github.com/go-errors/errors v1.4.2/go.mod h1:sIVyrIiJhuEF+Pj9Ebtd6P/rEYROXFi3BopGUQ5a5Og=
github.com/golang/geo v0.0.0-20190916061304-5b978397cfec/go.mod h1:QZ0nwyI2jOfgRAoBvP+ab5aRr7c9x7lhGEJrKvBwjWI=
github.com/golang/geo v0.0.0-20200319012246-673a6f80352d/go.mod h1:QZ0nwyI2jOfgRAoBvP+ab5aRr7c9x7lhGEJrKvBwjWI=
github.com/golang/protobuf v1.3.1/go.mod h1:6lQm79b+lXiMfvg/cZm0SGofjICqVBUtrP5yJMmIC1U=
github.com/golang/protobuf v1.5.0/go.mod h1:FsONVRAS9T7sI+LIUmWTfcYkHO4aIWwzhcaSAoJOfIk=
github.com/golang/protobuf v1.5.3 h1:KhyjKVUg7Usr/dYsdSqoFveMYd5ko72D+zANwlG1mmg=
github.com/golang/protobuf v1.5.3/go.mod h1:XVQd3VNwM+JqD3oG2Ue2ip4fOMUkwXdXDdiuN0vRsmY=
github.com/google/go-cmp v0.5.5/go.mod h1:v8dTdLbMG2kIc/vJvl+f65V22dbkXbowE6jgT/gNBxE=
github.com/google/go-cmp v0.5.8 h1:e6P7q2lk1O+qJJb4BtCQXlK8vWEO8V1ZeuEdJNOqZyg=
github.com/gopherjs/gopherjs v0.0.0-20181017120253-0766667cb4d1/go.mod h1:wJfORRmW1u3UXTncJ5qlYoELFm8eSnnEO6hX4iZ3EWY=
github.com/gosimple/slug v1.2.0 h1:DqQXHQLprYBsiO4ZtdadqBeKh7CFnl5qoVNkKkVI7No=
github.com/gosimple/slug v1.2.0/go.mod h1:ER78kgg1Mv0NQGlXiDe57DpCyfbNywXXZ9mIorhxAf0=
github.com/gosimple/slug v1.13.1 h1:bQ+kpX9Qa6tHRaK+fZR0A0M2Kd7Pa5eHPPsb1JpHD+Q=
github.com/gosimple/slug v1.13.1/go.mod h1:UiRaFH+GEilHstLUmcBgWcI42viBN7mAb818JrYOeFQ=
github.com/gosimple/unidecode v1.0.1 h1:hZzFTMMqSswvf0LBJZCZgThIZrpDHFXux9KeGmn6T/o=
github.com/gosimple/unidecode v1.0.1/go.mod h1:CP0Cr1Y1kogOtx0bJblKzsVWrqYaqfNOnHzpgWw4Awc=
github.com/jfbus/httprs v1.0.1 h1:kIf3dk5QlEiBDPnY88BRHI6iQ1HepvYD8Fb8zVmiNDU=
github.com/jfbus/httprs v1.0.1/go.mod h1:M9fpbEbf1Ns5RSaTkvnykqBCdJkwNtYAoAC73Ie9bEs=
github.com/jtolds/gls v4.2.1+incompatible/go.mod h1:QJZ7F/aHp+rZTRtaJ1ow/lLfFfVYBRgL+9YlvaHOwJU=
github.com/jtolds/gls v4.20.0+incompatible/go.mod h1:QJZ7F/aHp+rZTRtaJ1ow/lLfFfVYBRgL+9YlvaHOwJU=
github.com/librespot-org/librespot-golang v0.0.0-20220325184705-31669e5a889f h1:tTMPsyVClxxV+CnlLqzgxTTTFM6J7i//rSejN1Md0b0=
github.com/librespot-org/librespot-golang v0.0.0-20220325184705-31669e5a889f/go.mod h1:LeHPXRci2Bg6RBmw8BDEFH5nfb8oGU6mll+qTH8UIzw=
github.com/miekg/dns v1.1.8/go.mod h1:W1PPwlIAgtquWBMBEV9nkV9Cazfe8ScdGz/Lj7v3Nrg=
github.com/miekg/dns v1.1.54 h1:5jon9mWcb0sFJGpnI99tOMhCPyJ+RPVz5b63MQG0VWI=
github.com/miekg/dns v1.1.54/go.mod h1:uInx36IzPl7FYnDcMeVWxj9byh7DutNykX4G9Sj60FY=
github.com/miekg/dns v1.1.55 h1:GoQ4hpsj0nFLYe+bWiCToyrBEJXkQfOOIvFGFy0lEgo=
github.com/miekg/dns v1.1.55/go.mod h1:uInx36IzPl7FYnDcMeVWxj9byh7DutNykX4G9Sj60FY=
github.com/mitchellh/copystructure v1.2.0 h1:vpKXTN4ewci03Vljg/q9QvCGUDttBOGBIa15WveJJGw=
github.com/mitchellh/copystructure v1.2.0/go.mod h1:qLl+cE2AmVv+CoeAwDPye/v+N2HKCj9FbZEVFJRxO9s=
github.com/mitchellh/reflectwalk v1.0.2 h1:G2LzWKi524PWgd3mLHV8Y5k7s6XUvT0Gef6zxSIeXaQ=
github.com/mitchellh/reflectwalk v1.0.2/go.mod h1:mSTlrgnPZtwu0c4WaC2kGObEpuNDbx0jmZXqmk4esnw=
github.com/pkg/errors v0.9.1 h1:FEBLx1zS214owpjy7qsBeixbURkuhQAwrK5UwLGTwt4=
github.com/pkg/errors v0.9.1/go.mod h1:bwawxfHBFNV+L2hUp1rHADufV3IMtnDRdf1r5NINEl0=
github.com/pmezard/go-difflib v1.0.0 h1:4DBwDE0NGyQoBHbLQYPwSUPoCMWR5BEzIk/f1lZbAQM=
github.com/pmezard/go-difflib v1.0.0/go.mod h1:iKH77koFhYxTK1pcRnkKkqfTogsbg7gZNVY4sRDYZ/4=
github.com/rainycape/unidecode v0.0.0-20150907023854-cb7f23ec59be h1:ta7tUOvsPHVHGom5hKW5VXNc2xZIkfCKP8iaqOyYtUQ=
github.com/rainycape/unidecode v0.0.0-20150907023854-cb7f23ec59be/go.mod h1:MIDFMn7db1kT65GmV94GzpX9Qdi7N/pQlwb+AN8wh+Q=
github.com/rhnvrm/lyric-api-go v0.1.4 h1:E3n6+H4PyVJCesc3NNIbLxKlFpyMVDiq2niKSZK7K1s=
github.com/rhnvrm/lyric-api-go v0.1.4/go.mod h1:mxXSk7lWgck4BEMLsOgse2AiE+qoXIc9mcfxF2YQCHs=
github.com/rs/cors v1.9.0 h1:l9HGsTsHJcvW14Nk7J9KFz8bzeAWXn3CG6bgt7LsrAE=
github.com/rs/cors v1.9.0/go.mod h1:XyqrcTp5zjWr1wsJ8PIRZssZ8b/WMcMf71DJnit4EMU=
github.com/smartystreets/assertions v0.0.0-20180927180507-b2de0cb4f26d/go.mod h1:OnSkiWE9lh6wB0YB77sQom3nweQdgAjqCqsofrRNTgc=
github.com/smartystreets/assertions v1.2.0/go.mod h1:tcbTF8ujkAEcZ8TElKY+i30BzYlVhC/LOxJk7iOWnoo=
github.com/smartystreets/goconvey v0.0.0-20180222194500-ef6db91d284a/go.mod h1:XDJAKZRPZ1CvBcN2aX5YOUTYGHki24fSF0Iv48Ibg0s=
github.com/smartystreets/goconvey v1.7.2/go.mod h1:Vw0tHAZW6lzCRk3xgdin6fKYcG+G3Pg9vgXWeJpQFMM=
github.com/stretchr/objx v0.1.0/go.mod h1:HFkY916IF+rwdDfMAkV7OtwuqBVzrE8GR6GFx+wExME=
github.com/stretchr/testify v1.3.0 h1:TivCn/peBQ7UY8ooIcPgZFpTNSz0Q2U6UrFlUfqbe0Q=
github.com/stretchr/testify v1.3.0/go.mod h1:M5WIy9Dh21IEIfnGCwXGc5bZfKNJtfHm1UVUgZn+9EI=
github.com/stretchr/testify v1.8.0 h1:pSgiaMZlXftHpm5L7V1+rVB+AZJydKsMxsQBIJw4PKk=
github.com/xlab/portaudio-go v0.0.0-20170905165025-132d041879db h1:sSIQlvfIWUHLDhEWUL2K2CeYv9CDksC00VxuxPUe4lw=
github.com/xlab/portaudio-go v0.0.0-20170905165025-132d041879db/go.mod h1:r57mRacDQMS6Fz8ubv1nE8zZ0DbQ/sY0NkCmdxeUXmY=
github.com/xlab/vorbis-go v0.0.0-20190125051917-087364aef51d/go.mod h1:AMqfx3jFwPqem3u8mF2lsRodZs30jG/Mag5HZ3mB3sA=
github.com/xlab/vorbis-go v0.0.0-20210911202351-b5b85f1ec645 h1:lYg/+vV/Fd5WM1+Ptg54Am3y4mDXaMSrT+mKUHV5uVc=
github.com/xlab/vorbis-go v0.0.0-20210911202351-b5b85f1ec645/go.mod h1:AMqfx3jFwPqem3u8mF2lsRodZs30jG/Mag5HZ3mB3sA=
github.com/yuin/goldmark v1.4.13/go.mod h1:6yULJ656Px+3vBD8DxQVa3kxgyrAnzto9xy5taEt/CY=
golang.org/x/crypto v0.0.0-20190308221718-c2843e01d9a2/go.mod h1:djNgcEr1/C05ACkg1iLfiJU5Ep61QUkGW8qpdssI0+w=
golang.org/x/crypto v0.0.0-20190418165655-df01cb2cc480/go.mod h1:WFFai1msRO1wXaEeE5yQxYXgSfI8pQAWXbQop6sCtWE=
golang.org/x/crypto v0.0.0-20210921155107-089bfa567519/go.mod h1:GvvjBRRGRdwPK5ydBHafDWAxML/pGHZbMvKqRZ5+Abc=
golang.org/x/crypto v0.8.0 h1:pd9TJtTueMTVQXzk8E2XESSMQDj/U7OUu0PqJqPXQjQ=
golang.org/x/crypto v0.8.0/go.mod h1:mRqEX+O9/h5TFCrQhkgjo2yKi0yYA+9ecGkdQoHrywE=
golang.org/x/crypto v0.10.0 h1:LKqV2xt9+kDzSTfOhx4FrkEBcMrAgHSYgzywV9zcGmM=
golang.org/x/crypto v0.10.0/go.mod h1:o4eNf7Ede1fv+hwOwZsTHl9EsPFO6q6ZvYR8vYfY45I=
golang.org/x/exp v0.0.0-20230522175609-2e198f4a06a1 h1:k/i9J1pBpvlfR+9QsetwPyERsqu1GIbi967PQMq3Ivc=
golang.org/x/exp v0.0.0-20230522175609-2e198f4a06a1/go.mod h1:V1LtkGg67GoY2N1AnLN78QLrzxkLyJw7RJb1gzOOz9w=
golang.org/x/mod v0.6.0-dev.0.20220419223038-86c51ed26bb4/go.mod h1:jJ57K6gSWd91VN4djpZkiMVwK6gcyfeH4XE8wZrZaV4=
golang.org/x/mod v0.7.0/go.mod h1:iBbtSCu2XBx23ZKBPSOrRkjjQPZFPuis4dIYUhu/chs=
golang.org/x/mod v0.8.0/go.mod h1:iBbtSCu2XBx23ZKBPSOrRkjjQPZFPuis4dIYUhu/chs=
golang.org/x/mod v0.10.0 h1:lFO9qtOdlre5W1jxS3r/4szv2/6iXxScdzjoBMXNhYk=
golang.org/x/mod v0.10.0/go.mod h1:iBbtSCu2XBx23ZKBPSOrRkjjQPZFPuis4dIYUhu/chs=
golang.org/x/mod v0.11.0 h1:bUO06HqtnRcc/7l71XBe4WcqTZ+3AH1J59zWDDwLKgU=
golang.org/x/mod v0.11.0/go.mod h1:iBbtSCu2XBx23ZKBPSOrRkjjQPZFPuis4dIYUhu/chs=
golang.org/x/net v0.0.0-20180218175443-cbe0f9307d01/go.mod h1:mL1N/T3taQHkDXs73rZJwtUhF3w3ftmwwsq0BUmARs4=
golang.org/x/net v0.0.0-20181005035420-146acd28ed58/go.mod h1:mL1N/T3taQHkDXs73rZJwtUhF3w3ftmwwsq0BUmARs4=
golang.org/x/net v0.0.0-20190311183353-d8887717615a/go.mod h1:t9HGtf8HONx5eT2rtn7q6eTqICYqUVnKs3thJo3Qplg=
golang.org/x/net v0.0.0-20190420063019-afa5a82059c6/go.mod h1:t9HGtf8HONx5eT2rtn7q6eTqICYqUVnKs3thJo3Qplg=
golang.org/x/net v0.0.0-20190603091049-60506f45cf65/go.mod h1:HSz+uSET+XFnRR8LxR5pz3Of3rY3CfYBVs4xY44aLks=
golang.org/x/net v0.0.0-20190620200207-3b0461eec859/go.mod h1:z5CRVTTTmAJ677TzLLGU+0bjPO0LkuOLi4/5GtJWs/s=
golang.org/x/net v0.0.0-20191209160850-c0dbc17a3553/go.mod h1:z5CRVTTTmAJ677TzLLGU+0bjPO0LkuOLi4/5GtJWs/s=
golang.org/x/net v0.0.0-20200320220750-118fecf932d8/go.mod h1:z5CRVTTTmAJ677TzLLGU+0bjPO0LkuOLi4/5GtJWs/s=
golang.org/x/net v0.0.0-20200501053045-e0ff5e5a1de5/go.mod h1:qpuaurCH72eLCgpAm/N6yyVIVM9cpaDIP3A8BGJEC5A=
golang.org/x/net v0.0.0-20210226172049-e18ecbb05110/go.mod h1:m0MpNAwzfU5UDzcl9v0D8zg8gWTRqZa9RBIspLL5mdg=
golang.org/x/net v0.0.0-20210916014120-12bc252f5db8/go.mod h1:9nx3DQGgdP8bBQD5qxJ1jj9UTztislL4KSBs9R2vV5Y=
golang.org/x/net v0.0.0-20220722155237-a158d28d115b/go.mod h1:XRhObCWvk6IyKnWLug+ECip1KBveYUHfp+8e9klMJ9c=
golang.org/x/net v0.5.0/go.mod h1:DivGGAXEgPSlEBzxGzZI+ZLohi+xUj054jfeKui00ws=
golang.org/x/net v0.6.0/go.mod h1:2Tu9+aMcznHK/AK1HMvgo6xiTLG5rD5rZLDS+rp2Bjs=
golang.org/x/net v0.7.0/go.mod h1:2Tu9+aMcznHK/AK1HMvgo6xiTLG5rD5rZLDS+rp2Bjs=
golang.org/x/net v0.9.0 h1:aWJ/m6xSmxWBx+V0XRHTlrYrPG56jKsLdTFmsSsCzOM=
golang.org/x/net v0.9.0/go.mod h1:d48xBJpPfHeWQsugry2m+kC02ZBRGRgulfHnEXEuWns=
golang.org/x/net v0.11.0 h1:Gi2tvZIJyBtO9SDr1q9h5hEQCp/4L2RQ+ar0qjx2oNU=
golang.org/x/net v0.11.0/go.mod h1:2L/ixqYpgIVXmeoSA/4Lu7BzTG4KIyPIryS4IsOd1oQ=
golang.org/x/oauth2 v0.7.0 h1:qe6s0zUXlPX80/dITx3440hWZ7GwMwgDDyrSGTPJG/g=
golang.org/x/oauth2 v0.7.0/go.mod h1:hPLQkd9LyjfXTiRohC/41GhcFqxisoUQ99sCUOHO9x4=
golang.org/x/oauth2 v0.9.0 h1:BPpt2kU7oMRq3kCHAA1tbSEshXRw1LpG2ztgDwrzuAs=
golang.org/x/oauth2 v0.9.0/go.mod h1:qYgFZaFiu6Wg24azG8bdV52QJXJGbZzIIsRCdVKzbLw=
golang.org/x/sync v0.0.0-20190423024810-112230192c58/go.mod h1:RxMgew5VJxzue5/jJTE5uejpjVlOe/izrB70Jof72aM=
golang.org/x/sync v0.0.0-20210220032951-036812b2e83c/go.mod h1:RxMgew5VJxzue5/jJTE5uejpjVlOe/izrB70Jof72aM=
golang.org/x/sync v0.0.0-20220722155255-886fb9371eb4/go.mod h1:RxMgew5VJxzue5/jJTE5uejpjVlOe/izrB70Jof72aM=
golang.org/x/sync v0.1.0 h1:wsuoTGHzEhffawBOhz5CYhcrV4IdKZbEyZjBMuTp12o=
golang.org/x/sync v0.1.0/go.mod h1:RxMgew5VJxzue5/jJTE5uejpjVlOe/izrB70Jof72aM=
golang.org/x/sync v0.3.0 h1:ftCYgMx6zT/asHUrPw8BLLscYtGznsLAnjq5RH9P66E=
golang.org/x/sync v0.3.0/go.mod h1:FU7BRWz2tNW+3quACPkgCx/L+uEAv1htQ0V83Z9Rj+Y=
golang.org/x/sys v0.0.0-20190215142949-d0b11bdaac8a/go.mod h1:STP8DvDyc/dI5b8T5hshtkjS+E42TnysNCUPdjciGhY=
golang.org/x/sys v0.0.0-20190403152447-81d4e9dc473e/go.mod h1:h1NjWce9XRLGQEsW7wpKNCjG9DtNlClVuFLEZdDNbEs=
golang.org/x/sys v0.0.0-20200323222414-85ca7c5b95cd/go.mod h1:h1NjWce9XRLGQEsW7wpKNCjG9DtNlClVuFLEZdDNbEs=
golang.org/x/sys v0.0.0-20201119102817-f84b799fce68/go.mod h1:h1NjWce9XRLGQEsW7wpKNCjG9DtNlClVuFLEZdDNbEs=
golang.org/x/sys v0.0.0-20210423082822-04245dca01da/go.mod h1:h1NjWce9XRLGQEsW7wpKNCjG9DtNlClVuFLEZdDNbEs=
golang.org/x/sys v0.0.0-20210615035016-665e8c7367d1/go.mod h1:oPkhp1MJrh7nUepCBck5+mAzfO9JrbApNNgaTdGDITg=
golang.org/x/sys v0.0.0-20220520151302-bc2c85ada10a/go.mod h1:oPkhp1MJrh7nUepCBck5+mAzfO9JrbApNNgaTdGDITg=
golang.org/x/sys v0.0.0-20220722155257-8c9f86f7a55f/go.mod h1:oPkhp1MJrh7nUepCBck5+mAzfO9JrbApNNgaTdGDITg=
golang.org/x/sys v0.4.0/go.mod h1:oPkhp1MJrh7nUepCBck5+mAzfO9JrbApNNgaTdGDITg=
golang.org/x/sys v0.5.0/go.mod h1:oPkhp1MJrh7nUepCBck5+mAzfO9JrbApNNgaTdGDITg=
golang.org/x/sys v0.7.0 h1:3jlCCIQZPdOYu1h8BkNvLz8Kgwtae2cagcG/VamtZRU=
golang.org/x/sys v0.7.0/go.mod h1:oPkhp1MJrh7nUepCBck5+mAzfO9JrbApNNgaTdGDITg=
golang.org/x/sys v0.9.0 h1:KS/R3tvhPqvJvwcKfnBHJwwthS11LRhmM5D59eEXa0s=
golang.org/x/sys v0.9.0/go.mod h1:oPkhp1MJrh7nUepCBck5+mAzfO9JrbApNNgaTdGDITg=
golang.org/x/term v0.0.0-20201126162022-7de9c90e9dd1/go.mod h1:bj7SfCRtBDWHUb9snDiAeCFNEtKQo2Wmx5Cou7ajbmo=
golang.org/x/term v0.0.0-20210927222741-03fcf44c2211/go.mod h1:jbD1KX2456YbFQfuXm/mYQcufACuNUgVhRMnK/tPxf8=
golang.org/x/term v0.4.0/go.mod h1:9P2UbLfCdcvo3p/nzKvsmas4TnlujnuoV9hGgYzW1lQ=
golang.org/x/term v0.5.0/go.mod h1:jMB1sMXY+tzblOD4FWmEbocvup2/aLOaQEp7JmGp78k=
golang.org/x/term v0.7.0/go.mod h1:P32HKFT3hSsZrRxla30E9HqToFYAQPCMs/zFMBUFqPY=
golang.org/x/text v0.3.0/go.mod h1:NqM8EUOU14njkJ3fqMW+pc6Ldnwhi/IjpwHt7yyuwOQ=
golang.org/x/text v0.3.2/go.mod h1:bEr9sfX3Q8Zfm5fL9x+3itogRgK3+ptLWKqgva+5dAk=
golang.org/x/text v0.3.3/go.mod h1:5Zoc/QRtKVWzQhOtBMvqHzDpF6irO9z98xDceosuGiQ=
golang.org/x/text v0.3.6/go.mod h1:5Zoc/QRtKVWzQhOtBMvqHzDpF6irO9z98xDceosuGiQ=
golang.org/x/text v0.3.7/go.mod h1:u+2+/6zg+i71rQMx5EYifcz6MCKuco9NR6JIITiCfzQ=
golang.org/x/text v0.6.0/go.mod h1:mrYo+phRRbMaCq/xk9113O4dZlRixOauAjOtrjsXDZ8=
golang.org/x/text v0.7.0/go.mod h1:mrYo+phRRbMaCq/xk9113O4dZlRixOauAjOtrjsXDZ8=
golang.org/x/text v0.9.0/go.mod h1:e1OnstbJyHTd6l/uOt8jFFHp6TRDWZR/bV3emEE/zU8=
golang.org/x/tools v0.0.0-20180917221912-90fa682c2a6e/go.mod h1:n7NCudcB/nEzxVGmLbDWY5pfWTLqBcC2KZ6jyYvM4mQ=
golang.org/x/tools v0.0.0-20190328211700-ab21143f2384/go.mod h1:LCzVGOaR6xXOjkQ3onu1FJEFr0SW1gC7cKk1uF8kGRs=
golang.org/x/tools v0.0.0-20191119224855-298f0cb1881e/go.mod h1:b+2E5dAYhXwXZwtnZ6UAqBI28+e2cm9otk0dWdXHAEo=
golang.org/x/tools v0.1.12/go.mod h1:hNGJHUnrk76NpqgfD5Aqm5Crs+Hm0VOH/i9J2+nxYbc=
golang.org/x/tools v0.5.0/go.mod h1:N+Kgy78s5I24c24dU8OfWNEotWjutIs8SnJvn5IDq+k=
golang.org/x/tools v0.6.0/go.mod h1:Xwgl3UAJ/d3gWutnCtw505GrjyAbvKui8lOU390QaIU=
golang.org/x/tools v0.8.0 h1:vSDcovVPld282ceKgDimkRSC8kpaH1dgyc9UMzlt84Y=
golang.org/x/tools v0.8.0/go.mod h1:JxBZ99ISMI5ViVkT1tr6tdNmXeTrcpVSD3vZ1RsRdN4=
golang.org/x/tools v0.10.0 h1:tvDr/iQoUqNdohiYm0LmmKcBk+q86lb9EprIUFhHHGg=
golang.org/x/tools v0.10.0/go.mod h1:UJwyiVBsOA2uwvK/e5OY3GTpDUJriEd+/YlqAwLPmyM=
golang.org/x/xerrors v0.0.0-20190717185122-a985d3407aa7/go.mod h1:I/5z698sn9Ka8TeJc9MKroUUfqBBauWjQqLJ2OPfmY0=
golang.org/x/xerrors v0.0.0-20191204190536-9bdfabe68543/go.mod h1:I/5z698sn9Ka8TeJc9MKroUUfqBBauWjQqLJ2OPfmY0=
google.golang.org/appengine v1.6.7 h1:FZR1q0exgwxzPzp/aF+VccGrSfxfPpkBqjIIEq3ru6c=
google.golang.org/appengine v1.6.7/go.mod h1:8WjMMxjGQR8xUklV/ARdw2HLXBOI7O7uCIDZVag1xfc=
google.golang.org/protobuf v1.26.0-rc.1/go.mod h1:jlhhOSvTdKEhbULTjvd4ARK9grFBp09yW+WbY/TyQbw=
google.golang.org/protobuf v1.26.0/go.mod h1:9q0QmTI4eRPtz6boOQmLYwt+qCgq0jsYwAQnmE0givc=
google.golang.org/protobuf v1.27.1/go.mod h1:9q0QmTI4eRPtz6boOQmLYwt+qCgq0jsYwAQnmE0givc=
google.golang.org/protobuf v1.30.0 h1:kPPoIgf3TsEvrm0PFe15JQ+570QVxYzEvvHqChK+cng=
google.golang.org/protobuf v1.30.0/go.mod h1:HV8QOd/L58Z+nl8r43ehVNZIU/HEI6OcFqwMG9pJV4I=
google.golang.org/protobuf v1.31.0 h1:g0LDEJHgrBl9N9r17Ru3sqWhkIx2NB67okBHPwC7hs8=
google.golang.org/protobuf v1.31.0/go.mod h1:HV8QOd/L58Z+nl8r43ehVNZIU/HEI6OcFqwMG9pJV4I=
gopkg.in/check.v1 v0.0.0-20161208181325-20d25e280405/go.mod h1:Co6ibVJAznAaIkqp8huTwlJQCZ016jof/cbN4VW5Yz0=
gopkg.in/yaml.v2 v2.2.7/go.mod h1:hI93XBmqTisBFMUTm0b8Fm+jr3Dg1NNxqwp+5A1VGuI=
